// !$*UTF8*$!
{
	archiveVersion = 1;
	classes = {
	};
	objectVersion = 46;
	objects = {

/* Begin PBXBuildFile section */
		E644C4BD1BBBA4B8002881AB /* PYGradientCycle.h in CopyFiles */ = {isa = PBXBuildFile; fileRef = E644C4BC1BBBA4B8002881AB /* PYGradientCycle.h */; };
		E644C4BF1BBBA4B8002881AB /* PYGradientCycle.m in Sources */ = {isa = PBXBuildFile; fileRef = E644C4BE1BBBA4B8002881AB /* PYGradientCycle.m */; };
/* End PBXBuildFile section */

/* Begin PBXCopyFilesBuildPhase section */
		E644C4B71BBBA4B8002881AB /* CopyFiles */ = {
			isa = PBXCopyFilesBuildPhase;
			buildActionMask = 2147483647;
			dstPath = "include/$(PRODUCT_NAME)";
			dstSubfolderSpec = 16;
			files = (
				E644C4BD1BBBA4B8002881AB /* PYGradientCycle.h in CopyFiles */,
			);
			runOnlyForDeploymentPostprocessing = 0;
		};
/* End PBXCopyFilesBuildPhase section */

/* Begin PBXFileReference section */
		E644C4B91BBBA4B8002881AB /* libPYGradientCycle.a */ = {isa = PBXFileReference; explicitFileType = archive.ar; includeInIndex = 0; path = libPYGradientCycle.a; sourceTree = BUILT_PRODUCTS_DIR; };
		E644C4BC1BBBA4B8002881AB /* PYGradientCycle.h */ = {isa = PBXFileReference; lastKnownFileType = sourcecode.c.h; path = PYGradientCycle.h; sourceTree = "<group>"; };
		E644C4BE1BBBA4B8002881AB /* PYGradientCycle.m */ = {isa = PBXFileReference; lastKnownFileType = sourcecode.c.objc; path = PYGradientCycle.m; sourceTree = "<group>"; };
/* End PBXFileReference section */

/* Begin PBXFrameworksBuildPhase section */
		E644C4B61BBBA4B8002881AB /* Frameworks */ = {
			isa = PBXFrameworksBuildPhase;
			buildActionMask = 2147483647;
			files = (
			);
			runOnlyForDeploymentPostprocessing = 0;
		};
/* End PBXFrameworksBuildPhase section */

/* Begin PBXGroup section */
		E644C4B01BBBA4B8002881AB = {
			isa = PBXGroup;
			children = (
				E644C4BB1BBBA4B8002881AB /* PYGradientCycle */,
				E644C4BA1BBBA4B8002881AB /* Products */,
			);
			sourceTree = "<group>";
		};
		E644C4BA1BBBA4B8002881AB /* Products */ = {
			isa = PBXGroup;
			children = (
				E644C4B91BBBA4B8002881AB /* libPYGradientCycle.a */,
			);
			name = Products;
			sourceTree = "<group>";
		};
		E644C4BB1BBBA4B8002881AB /* PYGradientCycle */ = {
			isa = PBXGroup;
			children = (
				E644C4BC1BBBA4B8002881AB /* PYGradientCycle.h */,
				E644C4BE1BBBA4B8002881AB /* PYGradientCycle.m */,
			);
			path = PYGradientCycle;
			sourceTree = "<group>";
		};
/* End PBXGroup section */

/* Begin PBXNativeTarget section */
		E644C4B81BBBA4B8002881AB /* PYGradientCycle */ = {
			isa = PBXNativeTarget;
			buildConfigurationList = E644C4C21BBBA4B8002881AB /* Build configuration list for PBXNativeTarget "PYGradientCycle" */;
			buildPhases = (
				E644C4B51BBBA4B8002881AB /* Sources */,
				E644C4B61BBBA4B8002881AB /* Frameworks */,
				E644C4B71BBBA4B8002881AB /* CopyFiles */,
			);
			buildRules = (
			);
			dependencies = (
			);
			name = PYGradientCycle;
			productName = PYGradientCycle;
			productReference = E644C4B91BBBA4B8002881AB /* libPYGradientCycle.a */;
			productType = "com.apple.product-type.library.static";
		};
/* End PBXNativeTarget section */

/* Begin PBXProject section */
		E644C4B11BBBA4B8002881AB /* Project object */ = {
			isa = PBXProject;
			attributes = {
				LastUpgradeCheck = 0700;
				ORGANIZATIONNAME = PushLab;
				TargetAttributes = {
					E644C4B81BBBA4B8002881AB = {
						CreatedOnToolsVersion = 7.0;
					};
				};
			};
			buildConfigurationList = E644C4B41BBBA4B8002881AB /* Build configuration list for PBXProject "PYGradientCycle" */;
			compatibilityVersion = "Xcode 3.2";
			developmentRegion = English;
			hasScannedForEncodings = 0;
			knownRegions = (
				en,
			);
			mainGroup = E644C4B01BBBA4B8002881AB;
			productRefGroup = E644C4BA1BBBA4B8002881AB /* Products */;
			projectDirPath = "";
			projectRoot = "";
			targets = (
				E644C4B81BBBA4B8002881AB /* PYGradientCycle */,
			);
		};
/* End PBXProject section */

/* Begin PBXSourcesBuildPhase section */
		E644C4B51BBBA4B8002881AB /* Sources */ = {
			isa = PBXSourcesBuildPhase;
			buildActionMask = 2147483647;
			files = (
				E644C4BF1BBBA4B8002881AB /* PYGradientCycle.m in Sources */,
			);
			runOnlyForDeploymentPostprocessing = 0;
		};
/* End PBXSourcesBuildPhase section */

/* Begin XCBuildConfiguration section */
		E644C4C01BBBA4B8002881AB /* Debug */ = {
			isa = XCBuildConfiguration;
			buildSettings = {
				ALWAYS_SEARCH_USER_PATHS = NO;
				CLANG_CXX_LANGUAGE_STANDARD = "gnu++0x";
				CLANG_CXX_LIBRARY = "libc++";
				CLANG_ENABLE_MODULES = YES;
				CLANG_ENABLE_OBJC_ARC = YES;
				CLANG_WARN_BOOL_CONVERSION = YES;
				CLANG_WARN_CONSTANT_CONVERSION = YES;
				CLANG_WARN_DIRECT_OBJC_ISA_USAGE = YES_ERROR;
				CLANG_WARN_EMPTY_BODY = YES;
				CLANG_WARN_ENUM_CONVERSION = YES;
				CLANG_WARN_INT_CONVERSION = YES;
				CLANG_WARN_OBJC_ROOT_CLASS = YES_ERROR;
				CLANG_WARN_UNREACHABLE_CODE = YES;
				CLANG_WARN__DUPLICATE_METHOD_MATCH = YES;
				COPY_PHASE_STRIP = NO;
				DEBUG_INFORMATION_FORMAT = dwarf;
				ENABLE_STRICT_OBJC_MSGSEND = YES;
				ENABLE_TESTABILITY = YES;
				GCC_C_LANGUAGE_STANDARD = gnu99;
				GCC_DYNAMIC_NO_PIC = NO;
				GCC_NO_COMMON_BLOCKS = YES;
				GCC_OPTIMIZATION_LEVEL = 0;
				GCC_PREPROCESSOR_DEFINITIONS = (
					"DEBUG=1",
					"$(inherited)",
				);
				GCC_WARN_64_TO_32_BIT_CONVERSION = YES;
				GCC_WARN_ABOUT_RETURN_TYPE = YES_ERROR;
				GCC_WARN_UNDECLARED_SELECTOR = YES;
				GCC_WARN_UNINITIALIZED_AUTOS = YES_AGGRESSIVE;
				GCC_WARN_UNUSED_FUNCTION = YES;
				GCC_WARN_UNUSED_VARIABLE = YES;
				IPHONEOS_DEPLOYMENT_TARGET = 7.0;
				MTL_ENABLE_DEBUG_INFO = YES;
				ONLY_ACTIVE_ARCH = YES;
				SDKROOT = iphoneos;
			};
			name = Debug;
		};
		E644C4C11BBBA4B8002881AB /* Release */ = {
			isa = XCBuildConfiguration;
			buildSettings = {
				ALWAYS_SEARCH_USER_PATHS = NO;
				CLANG_CXX_LANGUAGE_STANDARD = "gnu++0x";
				CLANG_CXX_LIBRARY = "libc++";
				CLANG_ENABLE_MODULES = YES;
				CLANG_ENABLE_OBJC_ARC = YES;
				CLANG_WARN_BOOL_CONVERSION = YES;
				CLANG_WARN_CONSTANT_CONVERSION = YES;
				CLANG_WARN_DIRECT_OBJC_ISA_USAGE = YES_ERROR;
				CLANG_WARN_EMPTY_BODY = YES;
				CLANG_WARN_ENUM_CONVERSION = YES;
				CLANG_WARN_INT_CONVERSION = YES;
				CLANG_WARN_OBJC_ROOT_CLASS = YES_ERROR;
				CLANG_WARN_UNREACHABLE_CODE = YES;
				CLANG_WARN__DUPLICATE_METHOD_MATCH = YES;
				COPY_PHASE_STRIP = NO;
				DEBUG_INFORMATION_FORMAT = "dwarf-with-dsym";
				ENABLE_NS_ASSERTIONS = NO;
				ENABLE_STRICT_OBJC_MSGSEND = YES;
				GCC_C_LANGUAGE_STANDARD = gnu99;
				GCC_NO_COMMON_BLOCKS = YES;
				GCC_WARN_64_TO_32_BIT_CONVERSION = YES;
				GCC_WARN_ABOUT_RETURN_TYPE = YES_ERROR;
				GCC_WARN_UNDECLARED_SELECTOR = YES;
				GCC_WARN_UNINITIALIZED_AUTOS = YES_AGGRESSIVE;
				GCC_WARN_UNUSED_FUNCTION = YES;
				GCC_WARN_UNUSED_VARIABLE = YES;
				IPHONEOS_DEPLOYMENT_TARGET = 7.0;
				MTL_ENABLE_DEBUG_INFO = NO;
				SDKROOT = iphoneos;
				VALIDATE_PRODUCT = YES;
			};
			name = Release;
		};
		E644C4C31BBBA4B8002881AB /* Debug */ = {
			isa = XCBuildConfiguration;
			buildSettings = {
				OTHER_LDFLAGS = "-ObjC";
				PRODUCT_NAME = "$(TARGET_NAME)";
				SKIP_INSTALL = YES;
			};
			name = Debug;
		};
		E644C4C41BBBA4B8002881AB /* Release */ = {
			isa = XCBuildConfiguration;
			buildSettings = {
				OTHER_LDFLAGS = "-ObjC";
				PRODUCT_NAME = "$(TARGET_NAME)";
				SKIP_INSTALL = YES;
			};
			name = Release;
		};
/* End XCBuildConfiguration section */

/* Begin XCConfigurationList section */
		E644C4B41BBBA4B8002881AB /* Build configuration list for PBXProject "PYGradientCycle" */ = {
			isa = XCConfigurationList;
			buildConfigurations = (
				E644C4C01BBBA4B8002881AB /* Debug */,
				E644C4C11BBBA4B8002881AB /* Release */,
			);
			defaultConfigurationIsVisible = 0;
			defaultConfigurationName = Release;
		};
		E644C4C21BBBA4B8002881AB /* Build configuration list for PBXNativeTarget "PYGradientCycle" */ = {
			isa = XCConfigurationList;
			buildConfigurations = (
				E644C4C31BBBA4B8002881AB /* Debug */,
				E644C4C41BBBA4B8002881AB /* Release */,
			);
			defaultConfigurationIsVisible = 0;
		};
/* End XCConfigurationList section */
	};
	rootObject = E644C4B11BBBA4B8002881AB /* Project object */;
}
